{
    "_readme": [
        "This file locks the dependencies of your project to a known state",
        "Read more about it at https://getcomposer.org/doc/01-basic-usage.md#installing-dependencies",
        "This file is @generated automatically"
    ],
    "content-hash": "b96a91609c1e8e58c83dda9b66a75e8b",
    "packages": [
        {
            "name": "City-of-Bloomington/factory-number-one",
            "version": "dev-master",
            "source": {
                "type": "git",
                "url": "https://github.com/City-of-Bloomington/factory-number-one.git",
                "reference": "d1143285119831f8375a5b15753914e64080b5a3"
            },
            "dist": {
                "type": "zip",
                "url": "https://api.github.com/repos/City-of-Bloomington/factory-number-one/zipball/d1143285119831f8375a5b15753914e64080b5a3",
                "reference": "d1143285119831f8375a5b15753914e64080b5a3",
                "shasum": ""
            },
            "default-branch": true,
            "type": "library",
            "support": {
                "source": "https://github.com/City-of-Bloomington/factory-number-one/tree/master",
                "issues": "https://github.com/City-of-Bloomington/factory-number-one/issues"
            },
            "time": "2021-05-25T18:18:01+00:00"
        }
    ],
    "packages-dev": [],
    "aliases": [],
    "minimum-stability": "stable",
    "stability-flags": {
        "city-of-bloomington/factory-number-one": 20
    },
    "prefer-stable": false,
    "prefer-lowest": false,
    "platform": {
        "php": ">=7.2"
    },
    "platform-dev": [],
    "plugin-api-version": "2.0.0"
}
